
Microsoft Visual Studio Solution File, Format Version 12.00
# Visual Studio 15
VisualStudioVersion = 15.0.28307.168
MinimumVisualStudioVersion = 10.0.40219.1
Project("{FAE04EC0-301F-11D3-BF4B-00C04F79EFBC}") = "CodePad", "CodePad\CodePad.csproj", "{9366046B-68F9-4A72-85C9-E3B64953B7D8}"
EndProject
Global
	GlobalSection(SolutionConfigurationPlatforms) = preSolution
		Debug|Any CPU = Debug|Any CPU
		Release|Any CPU = Release|Any CPU
	EndGlobalSection
	GlobalSection(ProjectConfigurationPlatforms) = postSolution
		{9366046B-68F9-4A72-85C9-E3B64953B7D8}.Debug|Any CPU.ActiveCfg = Debug|Any CPU
		{9366046B-68F9-4A72-85C9-E3B64953B7D8}.Debug|Any CPU.Build.0 = Debug|Any CPU
		{9366046B-68F9-4A72-85C9-E3B64953B7D8}.Release|Any CPU.ActiveCfg = Release|Any CPU
		{9366046B-68F9-4A72-85C9-E3B64953B7D8}.Release|Any CPU.Build.0 = Release|Any CPU
	EndGlobalSection
	GlobalSection(SolutionProperties) = preSolution
		HideSolutionNode = FALSE
	EndGlobalSection
	GlobalSection(ExtensibilityGlobals) = postSolution
		SolutionGuid = {2FA78F50-B690-401B-B363-687A78636E5A}
	EndGlobalSection
EndGlobal
